// !$*UTF8*$!
{
	archiveVersion = 1;
	classes = {
	};
	objectVersion = 50;
	objects = {

/* Begin PBXBuildFile section */
		67FF5CBF23B8E39A00781428 /* AppDelegate.swift in Sources */ = {isa = PBXBuildFile; fileRef = 67FF5CBE23B8E39A00781428 /* AppDelegate.swift */; };
		67FF5CC123B8E39A00781428 /* SceneDelegate.swift in Sources */ = {isa = PBXBuildFile; fileRef = 67FF5CC023B8E39A00781428 /* SceneDelegate.swift */; };
		67FF5CC323B8E39A00781428 /* ContentView.swift in Sources */ = {isa = PBXBuildFile; fileRef = 67FF5CC223B8E39A00781428 /* ContentView.swift */; };
		67FF5CC523B8E39E00781428 /* Assets.xcassets in Resources */ = {isa = PBXBuildFile; fileRef = 67FF5CC423B8E39E00781428 /* Assets.xcassets */; };
		67FF5CC823B8E39E00781428 /* Preview Assets.xcassets in Resources */ = {isa = PBXBuildFile; fileRef = 67FF5CC723B8E39E00781428 /* Preview Assets.xcassets */; };
		67FF5CCB23B8E39E00781428 /* LaunchScreen.storyboard in Resources */ = {isa = PBXBuildFile; fileRef = 67FF5CC923B8E39E00781428 /* LaunchScreen.storyboard */; };
		67FF5CD623B8E39F00781428 /* BarChartTests.swift in Sources */ = {isa = PBXBuildFile; fileRef = 67FF5CD523B8E39F00781428 /* BarChartTests.swift */; };
		67FF5CE123B8E39F00781428 /* BarChartUITests.swift in Sources */ = {isa = PBXBuildFile; fileRef = 67FF5CE023B8E39F00781428 /* BarChartUITests.swift */; };
/* End PBXBuildFile section */

/* Begin PBXContainerItemProxy section */
		67FF5CD223B8E39F00781428 /* PBXContainerItemProxy */ = {
			isa = PBXContainerItemProxy;
			containerPortal = 67FF5CB323B8E39900781428 /* Project object */;
			proxyType = 1;
			remoteGlobalIDString = 67FF5CBA23B8E39900781428;
			remoteInfo = BarChart;
		};
		67FF5CDD23B8E39F00781428 /* PBXContainerItemProxy */ = {
			isa = PBXContainerItemProxy;
			containerPortal = 67FF5CB323B8E39900781428 /* Project object */;
			proxyType = 1;
			remoteGlobalIDString = 67FF5CBA23B8E39900781428;
			remoteInfo = BarChart;
		};
/* End PBXContainerItemProxy section */

/* Begin PBXFileReference section */
		67FF5CBB23B8E39900781428 /* BarChart.app */ = {isa = PBXFileReference; explicitFileType = wrapper.application; includeInIndex = 0; path = BarChart.app; sourceTree = BUILT_PRODUCTS_DIR; };
		67FF5CBE23B8E39A00781428 /* AppDelegate.swift */ = {isa = PBXFileReference; lastKnownFileType = sourcecode.swift; path = AppDelegate.swift; sourceTree = "<group>"; };
		67FF5CC023B8E39A00781428 /* SceneDelegate.swift */ = {isa = PBXFileReference; lastKnownFileType = sourcecode.swift; path = SceneDelegate.swift; sourceTree = "<group>"; };
		67FF5CC223B8E39A00781428 /* ContentView.swift */ = {isa = PBXFileReference; lastKnownFileType = sourcecode.swift; path = ContentView.swift; sourceTree = "<group>"; };
		67FF5CC423B8E39E00781428 /* Assets.xcassets */ = {isa = PBXFileReference; lastKnownFileType = folder.assetcatalog; path = Assets.xcassets; sourceTree = "<group>"; };
		67FF5CC723B8E39E00781428 /* Preview Assets.xcassets */ = {isa = PBXFileReference; lastKnownFileType = folder.assetcatalog; path = "Preview Assets.xcassets"; sourceTree = "<group>"; };
		67FF5CCA23B8E39E00781428 /* Base */ = {isa = PBXFileReference; lastKnownFileType = file.storyboard; name = Base; path = Base.lproj/LaunchScreen.storyboard; sourceTree = "<group>"; };
		67FF5CCC23B8E39E00781428 /* Info.plist */ = {isa = PBXFileReference; lastKnownFileType = text.plist.xml; path = Info.plist; sourceTree = "<group>"; };
		67FF5CD123B8E39F00781428 /* BarChartTests.xctest */ = {isa = PBXFileReference; explicitFileType = wrapper.cfbundle; includeInIndex = 0; path = BarChartTests.xctest; sourceTree = BUILT_PRODUCTS_DIR; };
		67FF5CD523B8E39F00781428 /* BarChartTests.swift */ = {isa = PBXFileReference; lastKnownFileType = sourcecode.swift; path = BarChartTests.swift; sourceTree = "<group>"; };
		67FF5CD723B8E39F00781428 /* Info.plist */ = {isa = PBXFileReference; lastKnownFileType = text.plist.xml; path = Info.plist; sourceTree = "<group>"; };
		67FF5CDC23B8E39F00781428 /* BarChartUITests.xctest */ = {isa = PBXFileReference; explicitFileType = wrapper.cfbundle; includeInIndex = 0; path = BarChartUITests.xctest; sourceTree = BUILT_PRODUCTS_DIR; };
		67FF5CE023B8E39F00781428 /* BarChartUITests.swift */ = {isa = PBXFileReference; lastKnownFileType = sourcecode.swift; path = BarChartUITests.swift; sourceTree = "<group>"; };
		67FF5CE223B8E39F00781428 /* Info.plist */ = {isa = PBXFileReference; lastKnownFileType = text.plist.xml; path = Info.plist; sourceTree = "<group>"; };
/* End PBXFileReference section */

/* Begin PBXFrameworksBuildPhase section */
		67FF5CB823B8E39900781428 /* Frameworks */ = {
			isa = PBXFrameworksBuildPhase;
			buildActionMask = 2147483647;
			files = (
			);
			runOnlyForDeploymentPostprocessing = 0;
		};
		67FF5CCE23B8E39F00781428 /* Frameworks */ = {
			isa = PBXFrameworksBuildPhase;
			buildActionMask = 2147483647;
			files = (
			);
			runOnlyForDeploymentPostprocessing = 0;
		};
		67FF5CD923B8E39F00781428 /* Frameworks */ = {
			isa = PBXFrameworksBuildPhase;
			buildActionMask = 2147483647;
			files = (
			);
			runOnlyForDeploymentPostprocessing = 0;
		};
/* End PBXFrameworksBuildPhase section */

/* Begin PBXGroup section */
		67FF5CB223B8E39900781428 = {
			isa = PBXGroup;
			children = (
				67FF5CBD23B8E39A00781428 /* BarChart */,
				67FF5CD423B8E39F00781428 /* BarChartTests */,
				67FF5CDF23B8E39F00781428 /* BarChartUITests */,
				67FF5CBC23B8E39900781428 /* Products */,
			);
			sourceTree = "<group>";
		};
		67FF5CBC23B8E39900781428 /* Products */ = {
			isa = PBXGroup;
			children = (
				67FF5CBB23B8E39900781428 /* BarChart.app */,
				67FF5CD123B8E39F00781428 /* BarChartTests.xctest */,
				67FF5CDC23B8E39F00781428 /* BarChartUITests.xctest */,
			);
			name = Products;
			sourceTree = "<group>";
		};
		67FF5CBD23B8E39A00781428 /* BarChart */ = {
			isa = PBXGroup;
			children = (
				67FF5CBE23B8E39A00781428 /* AppDelegate.swift */,
				67FF5CC023B8E39A00781428 /* SceneDelegate.swift */,
				67FF5CC223B8E39A00781428 /* ContentView.swift */,
				67FF5CC423B8E39E00781428 /* Assets.xcassets */,
				67FF5CC923B8E39E00781428 /* LaunchScreen.storyboard */,
				67FF5CCC23B8E39E00781428 /* Info.plist */,
				67FF5CC623B8E39E00781428 /* Preview Content */,
			);
			path = BarChart;
			sourceTree = "<group>";
		};
		67FF5CC623B8E39E00781428 /* Preview Content */ = {
			isa = PBXGroup;
			children = (
				67FF5CC723B8E39E00781428 /* Preview Assets.xcassets */,
			);
			path = "Preview Content";
			sourceTree = "<group>";
		};
		67FF5CD423B8E39F00781428 /* BarChartTests */ = {
			isa = PBXGroup;
			children = (
				67FF5CD523B8E39F00781428 /* BarChartTests.swift */,
				67FF5CD723B8E39F00781428 /* Info.plist */,
			);
			path = BarChartTests;
			sourceTree = "<group>";
		};
		67FF5CDF23B8E39F00781428 /* BarChartUITests */ = {
			isa = PBXGroup;
			children = (
				67FF5CE023B8E39F00781428 /* BarChartUITests.swift */,
				67FF5CE223B8E39F00781428 /* Info.plist */,
			);
			path = BarChartUITests;
			sourceTree = "<group>";
		};
/* End PBXGroup section */

/* Begin PBXNativeTarget section */
		67FF5CBA23B8E39900781428 /* BarChart */ = {
			isa = PBXNativeTarget;
			buildConfigurationList = 67FF5CE523B8E39F00781428 /* Build configuration list for PBXNativeTarget "BarChart" */;
			buildPhases = (
				67FF5CB723B8E39900781428 /* Sources */,
				67FF5CB823B8E39900781428 /* Frameworks */,
				67FF5CB923B8E39900781428 /* Resources */,
			);
			buildRules = (
			);
			dependencies = (
			);
			name = BarChart;
			productName = BarChart;
			productReference = 67FF5CBB23B8E39900781428 /* BarChart.app */;
			productType = "com.apple.product-type.application";
		};
		67FF5CD023B8E39F00781428 /* BarChartTests */ = {
			isa = PBXNativeTarget;
			buildConfigurationList = 67FF5CE823B8E39F00781428 /* Build configuration list for PBXNativeTarget "BarChartTests" */;
			buildPhases = (
				67FF5CCD23B8E39F00781428 /* Sources */,
				67FF5CCE23B8E39F00781428 /* Frameworks */,
				67FF5CCF23B8E39F00781428 /* Resources */,
			);
			buildRules = (
			);
			dependencies = (
				67FF5CD323B8E39F00781428 /* PBXTargetDependency */,
			);
			name = BarChartTests;
			productName = BarChartTests;
			productReference = 67FF5CD123B8E39F00781428 /* BarChartTests.xctest */;
			productType = "com.apple.product-type.bundle.unit-test";
		};
		67FF5CDB23B8E39F00781428 /* BarChartUITests */ = {
			isa = PBXNativeTarget;
			buildConfigurationList = 67FF5CEB23B8E39F00781428 /* Build configuration list for PBXNativeTarget "BarChartUITests" */;
			buildPhases = (
				67FF5CD823B8E39F00781428 /* Sources */,
				67FF5CD923B8E39F00781428 /* Frameworks */,
				67FF5CDA23B8E39F00781428 /* Resources */,
			);
			buildRules = (
			);
			dependencies = (
				67FF5CDE23B8E39F00781428 /* PBXTargetDependency */,
			);
			name = BarChartUITests;
			productName = BarChartUITests;
			productReference = 67FF5CDC23B8E39F00781428 /* BarChartUITests.xctest */;
			productType = "com.apple.product-type.bundle.ui-testing";
		};
/* End PBXNativeTarget section */

/* Begin PBXProject section */
		67FF5CB323B8E39900781428 /* Project object */ = {
			isa = PBXProject;
			attributes = {
				LastSwiftUpdateCheck = 1130;
				LastUpgradeCheck = 1130;
				ORGANIZATIONNAME = RockefellerFiles;
				TargetAttributes = {
					67FF5CBA23B8E39900781428 = {
						CreatedOnToolsVersion = 11.3;
					};
					67FF5CD023B8E39F00781428 = {
						CreatedOnToolsVersion = 11.3;
						TestTargetID = 67FF5CBA23B8E39900781428;
					};
					67FF5CDB23B8E39F00781428 = {
						CreatedOnToolsVersion = 11.3;
						TestTargetID = 67FF5CBA23B8E39900781428;
					};
				};
			};
			buildConfigurationList = 67FF5CB623B8E39900781428 /* Build configuration list for PBXProject "BarChart" */;
			compatibilityVersion = "Xcode 9.3";
			developmentRegion = en;
			hasScannedForEncodings = 0;
			knownRegions = (
				en,
				Base,
			);
			mainGroup = 67FF5CB223B8E39900781428;
			productRefGroup = 67FF5CBC23B8E39900781428 /* Products */;
			projectDirPath = "";
			projectRoot = "";
			targets = (
				67FF5CBA23B8E39900781428 /* BarChart */,
				67FF5CD023B8E39F00781428 /* BarChartTests */,
				67FF5CDB23B8E39F00781428 /* BarChartUITests */,
			);
		};
/* End PBXProject section */

/* Begin PBXResourcesBuildPhase section */
		67FF5CB923B8E39900781428 /* Resources */ = {
			isa = PBXResourcesBuildPhase;
			buildActionMask = 2147483647;
			files = (
				67FF5CCB23B8E39E00781428 /* LaunchScreen.storyboard in Resources */,
				67FF5CC823B8E39E00781428 /* Preview Assets.xcassets in Resources */,
				67FF5CC523B8E39E00781428 /* Assets.xcassets in Resources */,
			);
			runOnlyForDeploymentPostprocessing = 0;
		};
		67FF5CCF23B8E39F00781428 /* Resources */ = {
			isa = PBXResourcesBuildPhase;
			buildActionMask = 2147483647;
			files = (
			);
			runOnlyForDeploymentPostprocessing = 0;
		};
		67FF5CDA23B8E39F00781428 /* Resources */ = {
			isa = PBXResourcesBuildPhase;
			buildActionMask = 2147483647;
			files = (
			);
			runOnlyForDeploymentPostprocessing = 0;
		};
/* End PBXResourcesBuildPhase section */

/* Begin PBXSourcesBuildPhase section */
		67FF5CB723B8E39900781428 /* Sources */ = {
			isa = PBXSourcesBuildPhase;
			buildActionMask = 2147483647;
			files = (
				67FF5CBF23B8E39A00781428 /* AppDelegate.swift in Sources */,
				67FF5CC123B8E39A00781428 /* SceneDelegate.swift in Sources */,
				67FF5CC323B8E39A00781428 /* ContentView.swift in Sources */,
			);
			runOnlyForDeploymentPostprocessing = 0;
		};
		67FF5CCD23B8E39F00781428 /* Sources */ = {
			isa = PBXSourcesBuildPhase;
			buildActionMask = 2147483647;
			files = (
				67FF5CD623B8E39F00781428 /* BarChartTests.swift in Sources */,
			);
			runOnlyForDeploymentPostprocessing = 0;
		};
		67FF5CD823B8E39F00781428 /* Sources */ = {
			isa = PBXSourcesBuildPhase;
			buildActionMask = 2147483647;
			files = (
				67FF5CE123B8E39F00781428 /* BarChartUITests.swift in Sources */,
			);
			runOnlyForDeploymentPostprocessing = 0;
		};
/* End PBXSourcesBuildPhase section */

/* Begin PBXTargetDependency section */
		67FF5CD323B8E39F00781428 /* PBXTargetDependency */ = {
			isa = PBXTargetDependency;
			target = 67FF5CBA23B8E39900781428 /* BarChart */;
			targetProxy = 67FF5CD223B8E39F00781428 /* PBXContainerItemProxy */;
		};
		67FF5CDE23B8E39F00781428 /* PBXTargetDependency */ = {
			isa = PBXTargetDependency;
			target = 67FF5CBA23B8E39900781428 /* BarChart */;
			targetProxy = 67FF5CDD23B8E39F00781428 /* PBXContainerItemProxy */;
		};
/* End PBXTargetDependency section */

/* Begin PBXVariantGroup section */
		67FF5CC923B8E39E00781428 /* LaunchScreen.storyboard */ = {
			isa = PBXVariantGroup;
			children = (
				67FF5CCA23B8E39E00781428 /* Base */,
			);
			name = LaunchScreen.storyboard;
			sourceTree = "<group>";
		};
/* End PBXVariantGroup section */

/* Begin XCBuildConfiguration section */
		67FF5CE323B8E39F00781428 /* Debug */ = {
			isa = XCBuildConfiguration;
			buildSettings = {
				ALWAYS_SEARCH_USER_PATHS = NO;
				CLANG_ANALYZER_NONNULL = YES;
				CLANG_ANALYZER_NUMBER_OBJECT_CONVERSION = YES_AGGRESSIVE;
				CLANG_CXX_LANGUAGE_STANDARD = "gnu++14";
				CLANG_CXX_LIBRARY = "libc++";
				CLANG_ENABLE_MODULES = YES;
				CLANG_ENABLE_OBJC_ARC = YES;
				CLANG_ENABLE_OBJC_WEAK = YES;
				CLANG_WARN_BLOCK_CAPTURE_AUTORELEASING = YES;
				CLANG_WARN_BOOL_CONVERSION = YES;
				CLANG_WARN_COMMA = YES;
				CLANG_WARN_CONSTANT_CONVERSION = YES;
				CLANG_WARN_DEPRECATED_OBJC_IMPLEMENTATIONS = YES;
				CLANG_WARN_DIRECT_OBJC_ISA_USAGE = YES_ERROR;
				CLANG_WARN_DOCUMENTATION_COMMENTS = YES;
				CLANG_WARN_EMPTY_BODY = YES;
				CLANG_WARN_ENUM_CONVERSION = YES;
				CLANG_WARN_INFINITE_RECURSION = YES;
				CLANG_WARN_INT_CONVERSION = YES;
				CLANG_WARN_NON_LITERAL_NULL_CONVERSION = YES;
				CLANG_WARN_OBJC_IMPLICIT_RETAIN_SELF = YES;
				CLANG_WARN_OBJC_LITERAL_CONVERSION = YES;
				CLANG_WARN_OBJC_ROOT_CLASS = YES_ERROR;
				CLANG_WARN_RANGE_LOOP_ANALYSIS = YES;
				CLANG_WARN_STRICT_PROTOTYPES = YES;
				CLANG_WARN_SUSPICIOUS_MOVE = YES;
				CLANG_WARN_UNGUARDED_AVAILABILITY = YES_AGGRESSIVE;
				CLANG_WARN_UNREACHABLE_CODE = YES;
				CLANG_WARN__DUPLICATE_METHOD_MATCH = YES;
				COPY_PHASE_STRIP = NO;
				DEBUG_INFORMATION_FORMAT = dwarf;
				ENABLE_STRICT_OBJC_MSGSEND = YES;
				ENABLE_TESTABILITY = YES;
				GCC_C_LANGUAGE_STANDARD = gnu11;
				GCC_DYNAMIC_NO_PIC = NO;
				GCC_NO_COMMON_BLOCKS = YES;
				GCC_OPTIMIZATION_LEVEL = 0;
				GCC_PREPROCESSOR_DEFINITIONS = (
					"DEBUG=1",
					"$(inherited)",
				);
				GCC_WARN_64_TO_32_BIT_CONVERSION = YES;
				GCC_WARN_ABOUT_RETURN_TYPE = YES_ERROR;
				GCC_WARN_UNDECLARED_SELECTOR = YES;
				GCC_WARN_UNINITIALIZED_AUTOS = YES_AGGRESSIVE;
				GCC_WARN_UNUSED_FUNCTION = YES;
				GCC_WARN_UNUSED_VARIABLE = YES;
				IPHONEOS_DEPLOYMENT_TARGET = 13.2;
				MTL_ENABLE_DEBUG_INFO = INCLUDE_SOURCE;
				MTL_FAST_MATH = YES;
				ONLY_ACTIVE_ARCH = YES;
				SDKROOT = iphoneos;
				SWIFT_ACTIVE_COMPILATION_CONDITIONS = DEBUG;
				SWIFT_OPTIMIZATION_LEVEL = "-Onone";
			};
			name = Debug;
		};
		67FF5CE423B8E39F00781428 /* Release */ = {
			isa = XCBuildConfiguration;
			buildSettings = {
				ALWAYS_SEARCH_USER_PATHS = NO;
				CLANG_ANALYZER_NONNULL = YES;
				CLANG_ANALYZER_NUMBER_OBJECT_CONVERSION = YES_AGGRESSIVE;
				CLANG_CXX_LANGUAGE_STANDARD = "gnu++14";
				CLANG_CXX_LIBRARY = "libc++";
				CLANG_ENABLE_MODULES = YES;
				CLANG_ENABLE_OBJC_ARC = YES;
				CLANG_ENABLE_OBJC_WEAK = YES;
				CLANG_WARN_BLOCK_CAPTURE_AUTORELEASING = YES;
				CLANG_WARN_BOOL_CONVERSION = YES;
				CLANG_WARN_COMMA = YES;
				CLANG_WARN_CONSTANT_CONVERSION = YES;
				CLANG_WARN_DEPRECATED_OBJC_IMPLEMENTATIONS = YES;
				CLANG_WARN_DIRECT_OBJC_ISA_USAGE = YES_ERROR;
				CLANG_WARN_DOCUMENTATION_COMMENTS = YES;
				CLANG_WARN_EMPTY_BODY = YES;
				CLANG_WARN_ENUM_CONVERSION = YES;
				CLANG_WARN_INFINITE_RECURSION = YES;
				CLANG_WARN_INT_CONVERSION = YES;
				CLANG_WARN_NON_LITERAL_NULL_CONVERSION = YES;
				CLANG_WARN_OBJC_IMPLICIT_RETAIN_SELF = YES;
				CLANG_WARN_OBJC_LITERAL_CONVERSION = YES;
				CLANG_WARN_OBJC_ROOT_CLASS = YES_ERROR;
				CLANG_WARN_RANGE_LOOP_ANALYSIS = YES;
				CLANG_WARN_STRICT_PROTOTYPES = YES;
				CLANG_WARN_SUSPICIOUS_MOVE = YES;
				CLANG_WARN_UNGUARDED_AVAILABILITY = YES_AGGRESSIVE;
				CLANG_WARN_UNREACHABLE_CODE = YES;
				CLANG_WARN__DUPLICATE_METHOD_MATCH = YES;
				COPY_PHASE_STRIP = NO;
				DEBUG_INFORMATION_FORMAT = "dwarf-with-dsym";
				ENABLE_NS_ASSERTIONS = NO;
				ENABLE_STRICT_OBJC_MSGSEND = YES;
				GCC_C_LANGUAGE_STANDARD = gnu11;
				GCC_NO_COMMON_BLOCKS = YES;
				GCC_WARN_64_TO_32_BIT_CONVERSION = YES;
				GCC_WARN_ABOUT_RETURN_TYPE = YES_ERROR;
				GCC_WARN_UNDECLARED_SELECTOR = YES;
				GCC_WARN_UNINITIALIZED_AUTOS = YES_AGGRESSIVE;
				GCC_WARN_UNUSED_FUNCTION = YES;
				GCC_WARN_UNUSED_VARIABLE = YES;
				IPHONEOS_DEPLOYMENT_TARGET = 13.2;
				MTL_ENABLE_DEBUG_INFO = NO;
				MTL_FAST_MATH = YES;
				SDKROOT = iphoneos;
				SWIFT_COMPILATION_MODE = wholemodule;
				SWIFT_OPTIMIZATION_LEVEL = "-O";
				VALIDATE_PRODUCT = YES;
			};
			name = Release;
		};
		67FF5CE623B8E39F00781428 /* Debug */ = {
			isa = XCBuildConfiguration;
			buildSettings = {
				ASSETCATALOG_COMPILER_APPICON_NAME = AppIcon;
				CODE_SIGN_STYLE = Automatic;
				DEVELOPMENT_ASSET_PATHS = "\"BarChart/Preview Content\"";
				DEVELOPMENT_TEAM = VYD5K6JF68;
				ENABLE_PREVIEWS = YES;
				INFOPLIST_FILE = BarChart/Info.plist;
				LD_RUNPATH_SEARCH_PATHS = (
					"$(inherited)",
					"@executable_path/Frameworks",
				);
				PRODUCT_BUNDLE_IDENTIFIER = com.samples.Samples.BarChart;
				PRODUCT_NAME = "$(TARGET_NAME)";
				SWIFT_VERSION = 5.0;
				TARGETED_DEVICE_FAMILY = "1,2";
			};
			name = Debug;
		};
		67FF5CE723B8E39F00781428 /* Release */ = {
			isa = XCBuildConfiguration;
			buildSettings = {
				ASSETCATALOG_COMPILER_APPICON_NAME = AppIcon;
				CODE_SIGN_STYLE = Automatic;
				DEVELOPMENT_ASSET_PATHS = "\"BarChart/Preview Content\"";
				DEVELOPMENT_TEAM = VYD5K6JF68;
				ENABLE_PREVIEWS = YES;
				INFOPLIST_FILE = BarChart/Info.plist;
				LD_RUNPATH_SEARCH_PATHS = (
					"$(inherited)",
					"@executable_path/Frameworks",
				);
				PRODUCT_BUNDLE_IDENTIFIER = com.samples.Samples.BarChart;
				PRODUCT_NAME = "$(TARGET_NAME)";
				SWIFT_VERSION = 5.0;
				TARGETED_DEVICE_FAMILY = "1,2";
			};
			name = Release;
		};
		67FF5CE923B8E39F00781428 /* Debug */ = {
			isa = XCBuildConfiguration;
			buildSettings = {
				ALWAYS_EMBED_SWIFT_STANDARD_LIBRARIES = YES;
				BUNDLE_LOADER = "$(TEST_HOST)";
				CODE_SIGN_STYLE = Automatic;
				DEVELOPMENT_TEAM = VYD5K6JF68;
				INFOPLIST_FILE = BarChartTests/Info.plist;
				IPHONEOS_DEPLOYMENT_TARGET = 13.2;
				LD_RUNPATH_SEARCH_PATHS = (
					"$(inherited)",
					"@executable_path/Frameworks",
					"@loader_path/Frameworks",
				);
				PRODUCT_BUNDLE_IDENTIFIER = com.samples.Samples.BarChartTests;
				PRODUCT_NAME = "$(TARGET_NAME)";
				SWIFT_VERSION = 5.0;
				TARGETED_DEVICE_FAMILY = "1,2";
				TEST_HOST = "$(BUILT_PRODUCTS_DIR)/BarChart.app/BarChart";
			};
			name = Debug;
		};
		67FF5CEA23B8E39F00781428 /* Release */ = {
			isa = XCBuildConfiguration;
			buildSettings = {
				ALWAYS_EMBED_SWIFT_STANDARD_LIBRARIES = YES;
				BUNDLE_LOADER = "$(TEST_HOST)";
				CODE_SIGN_STYLE = Automatic;
				DEVELOPMENT_TEAM = VYD5K6JF68;
				INFOPLIST_FILE = BarChartTests/Info.plist;
				IPHONEOS_DEPLOYMENT_TARGET = 13.2;
				LD_RUNPATH_SEARCH_PATHS = (
					"$(inherited)",
					"@executable_path/Frameworks",
					"@loader_path/Frameworks",
				);
				PRODUCT_BUNDLE_IDENTIFIER = com.samples.Samples.BarChartTests;
				PRODUCT_NAME = "$(TARGET_NAME)";
				SWIFT_VERSION = 5.0;
				TARGETED_DEVICE_FAMILY = "1,2";
				TEST_HOST = "$(BUILT_PRODUCTS_DIR)/BarChart.app/BarChart";
			};
			name = Release;
		};
		67FF5CEC23B8E39F00781428 /* Debug */ = {
			isa = XCBuildConfiguration;
			buildSettings = {
				ALWAYS_EMBED_SWIFT_STANDARD_LIBRARIES = YES;
				CODE_SIGN_STYLE = Automatic;
				DEVELOPMENT_TEAM = VYD5K6JF68;
				INFOPLIST_FILE = BarChartUITests/Info.plist;
				LD_RUNPATH_SEARCH_PATHS = (
					"$(inherited)",
					"@executable_path/Frameworks",
					"@loader_path/Frameworks",
				);
				PRODUCT_BUNDLE_IDENTIFIER = com.samples.Samples.BarChartUITests;
				PRODUCT_NAME = "$(TARGET_NAME)";
				SWIFT_VERSION = 5.0;
				TARGETED_DEVICE_FAMILY = "1,2";
				TEST_TARGET_NAME = BarChart;
			};
			name = Debug;
		};
		67FF5CED23B8E39F00781428 /* Release */ = {
			isa = XCBuildConfiguration;
			buildSettings = {
				ALWAYS_EMBED_SWIFT_STANDARD_LIBRARIES = YES;
				CODE_SIGN_STYLE = Automatic;
				DEVELOPMENT_TEAM = VYD5K6JF68;
				INFOPLIST_FILE = BarChartUITests/Info.plist;
				LD_RUNPATH_SEARCH_PATHS = (
					"$(inherited)",
					"@executable_path/Frameworks",
					"@loader_path/Frameworks",
				);
				PRODUCT_BUNDLE_IDENTIFIER = com.samples.Samples.BarChartUITests;
				PRODUCT_NAME = "$(TARGET_NAME)";
				SWIFT_VERSION = 5.0;
				TARGETED_DEVICE_FAMILY = "1,2";
				TEST_TARGET_NAME = BarChart;
			};
			name = Release;
		};
/* End XCBuildConfiguration section */

/* Begin XCConfigurationList section */
		67FF5CB623B8E39900781428 /* Build configuration list for PBXProject "BarChart" */ = {
			isa = XCConfigurationList;
			buildConfigurations = (
				67FF5CE323B8E39F00781428 /* Debug */,
				67FF5CE423B8E39F00781428 /* Release */,
			);
			defaultConfigurationIsVisible = 0;
			defaultConfigurationName = Release;
		};
		67FF5CE523B8E39F00781428 /* Build configuration list for PBXNativeTarget "BarChart" */ = {
			isa = XCConfigurationList;
			buildConfigurations = (
				67FF5CE623B8E39F00781428 /* Debug */,
				67FF5CE723B8E39F00781428 /* Release */,
			);
			defaultConfigurationIsVisible = 0;
			defaultConfigurationName = Release;
		};
		67FF5CE823B8E39F00781428 /* Build configuration list for PBXNativeTarget "BarChartTests" */ = {
			isa = XCConfigurationList;
			buildConfigurations = (
				67FF5CE923B8E39F00781428 /* Debug */,
				67FF5CEA23B8E39F00781428 /* Release */,
			);
			defaultConfigurationIsVisible = 0;
			defaultConfigurationName = Release;
		};
		67FF5CEB23B8E39F00781428 /* Build configuration list for PBXNativeTarget "BarChartUITests" */ = {
			isa = XCConfigurationList;
			buildConfigurations = (
				67FF5CEC23B8E39F00781428 /* Debug */,
				67FF5CED23B8E39F00781428 /* Release */,
			);
			defaultConfigurationIsVisible = 0;
			defaultConfigurationName = Release;
		};
/* End XCConfigurationList section */
	};
	rootObject = 67FF5CB323B8E39900781428 /* Project object */;
}
